
Microsoft Visual Studio Solution File, Format Version 12.00
# Visual Studio Version 16
VisualStudioVersion = 16.0.35425.106
MinimumVisualStudioVersion = 10.0.40219.1
Project("{FAE04EC0-301F-11D3-BF4B-00C04F79EFBC}") = "TORRES_ACTIVITY_BASIC_ARRAY", "TORRES_ACTIVITY_BASIC_ARRAY\TORRES_ACTIVITY_BASIC_ARRAY.csproj", "{C4BFAE77-B689-40F0-974B-A3BFC241241D}"
EndProject
Global
	GlobalSection(SolutionConfigurationPlatforms) = preSolution
		Debug|Any CPU = Debug|Any CPU
		Release|Any CPU = Release|Any CPU
	EndGlobalSection
	GlobalSection(ProjectConfigurationPlatforms) = postSolution
		{C4BFAE77-B689-40F0-974B-A3BFC241241D}.Debug|Any CPU.ActiveCfg = Debug|Any CPU
		{C4BFAE77-B689-40F0-974B-A3BFC241241D}.Debug|Any CPU.Build.0 = Debug|Any CPU
		{C4BFAE77-B689-40F0-974B-A3BFC241241D}.Release|Any CPU.ActiveCfg = Release|Any CPU
		{C4BFAE77-B689-40F0-974B-A3BFC241241D}.Release|Any CPU.Build.0 = Release|Any CPU
	EndGlobalSection
	GlobalSection(SolutionProperties) = preSolution
		HideSolutionNode = FALSE
	EndGlobalSection
	GlobalSection(ExtensibilityGlobals) = postSolution
		SolutionGuid = {4F059FD8-BD14-4298-A635-F980B3F4EE90}
	EndGlobalSection
EndGlobal
